<?xml version="1.0" encoding="utf-8"?>
<Project ToolsVersion="4.0" xmlns="http://schemas.microsoft.com/developer/msbuild/2003">
  <ItemGroup>
    <Filter Include="Source Files">
      <UniqueIdentifier>{4FC737F1-C7A5-4376-A066-2A32D752A2FF}</UniqueIdentifier>
      <Extensions>cpp;c;cc;cxx;def;odl;idl;hpj;bat;asm;asmx</Extensions>
    </Filter>
    <Filter Include="Header Files">
      <UniqueIdentifier>{93995380-89BD-4b04-88EB-625FBE52EBFB}</UniqueIdentifier>
      <Extensions>h;hh;hpp;hxx;hm;inl;inc;ipp;xsd</Extensions>
    </Filter>
    <Filter Include="Resource Files">
      <UniqueIdentifier>{67DA6AB6-F800-4c08-8B7A-83BB121AAD01}</UniqueIdentifier>
      <Extensions>rc;ico;cur;bmp;dlg;rc2;rct;bin;rgs;gif;jpg;jpeg;jpe;resx;tiff;tif;png;wav;mfcribbon-ms</Extensions>
    </Filter>
    <Filter Include="Source Files\shaders">
      <UniqueIdentifier>{3154990c-8d37-491c-8d21-cfb0cb7e10bb}</UniqueIdentifier>
    </Filter>
  </ItemGroup>
  <ItemGroup>
    <ClCompile Include="main.cpp">
      <Filter>Source Files</Filter>
    </ClCompile>
    <ClCompile Include="Shader.cpp">
      <Filter>Source Files</Filter>
    </ClCompile>
    <ClCompile Include="glad.c">
      <Filter>Source Files</Filter>
    </ClCompile>
    <ClCompile Include="Camera.cpp">
      <Filter>Source Files</Filter>
    </ClCompile>
    <ClCompile Include="MeshCreator.cpp">
      <Filter>Source Files</Filter>
    </ClCompile>
    <ClCompile Include="Mesh.cpp">
      <Filter>Source Files</Filter>
    </ClCompile>
  </ItemGroup>
  <ItemGroup>
    <ClInclude Include="Shader.h">
      <Filter>Header Files</Filter>
    </ClInclude>
    <ClInclude Include="Camera.h">
      <Filter>Header Files</Filter>
    </ClInclude>
    <ClInclude Include="Mesh.h">
      <Filter>Header Files</Filter>
    </ClInclude>
    <ClInclude Include="MeshCreator.h">
      <Filter>Header Files</Filter>
    </ClInclude>
  </ItemGroup>
  <ItemGroup>
    <None Include="shaders\diffuseShader.frag">
      <Filter>Source Files\shaders</Filter>
    </None>
    <None Include="shaders\diffuseShader.vert">
      <Filter>Source Files\shaders</Filter>
    </None>
    <None Include="shaders\lamp.frag">
      <Filter>Source Files\shaders</Filter>
    </None>
    <None Include="shaders\lamp.vert">
      <Filter>Source Files\shaders</Filter>
    </None>
    <None Include="shaders\geomShader.frag">
      <Filter>Source Files\shaders</Filter>
    </None>
    <None Include="shaders\geomShader.geom">
      <Filter>Source Files\shaders</Filter>
    </None>
    <None Include="shaders\geomShader.vert">
      <Filter>Source Files\shaders</Filter>
    </None>
    <None Include="shaders\shadowVolume.frag">
      <Filter>Source Files\shaders</Filter>
    </None>
    <None Include="shaders\shadowVolume.geom">
      <Filter>Source Files\shaders</Filter>
    </None>
    <None Include="shaders\shadowVolume.vert">
      <Filter>Source Files\shaders</Filter>
    </None>
  </ItemGroup>
</Project>